<?xml version="1.0" encoding="utf-8"?>
<Project ToolsVersion="4.0" xmlns="http://schemas.microsoft.com/developer/msbuild/2003">
  <ItemGroup>
    <Filter Include="ソース ファイル">
      <UniqueIdentifier>{4FC737F1-C7A5-4376-A066-2A32D752A2FF}</UniqueIdentifier>
      <Extensions>cpp;c;cc;cxx;c++;cppm;ixx;def;odl;idl;hpj;bat;asm;asmx</Extensions>
    </Filter>
    <Filter Include="ヘッダー ファイル">
      <UniqueIdentifier>{93995380-89BD-4b04-88EB-625FBE52EBFB}</UniqueIdentifier>
      <Extensions>h;hh;hpp;hxx;h++;hm;inl;inc;ipp;xsd</Extensions>
    </Filter>
    <Filter Include="リソース ファイル">
      <UniqueIdentifier>{67DA6AB6-F800-4c08-8B7A-83BB121AAD01}</UniqueIdentifier>
      <Extensions>rc;ico;cur;bmp;dlg;rc2;rct;bin;rgs;gif;jpg;jpeg;jpe;resx;tiff;tif;png;wav;mfcribbon-ms</Extensions>
    </Filter>
    <Filter Include="シェーダー">
      <UniqueIdentifier>{cfee6b42-7518-4982-8a39-44e438eff274}</UniqueIdentifier>
    </Filter>
    <Filter Include="ソース ファイル\Multipass">
      <UniqueIdentifier>{f2d87e19-ff99-4857-a183-256377a9ebb7}</UniqueIdentifier>
    </Filter>
    <Filter Include="ヘッダー ファイル\Multipass">
      <UniqueIdentifier>{6710782a-3ac3-41b9-b4b7-507a7ce076aa}</UniqueIdentifier>
    </Filter>
    <Filter Include="ソース ファイル\InterFace">
      <UniqueIdentifier>{5cc61186-93f4-4943-9880-4bd213066e19}</UniqueIdentifier>
    </Filter>
    <Filter Include="ヘッダー ファイル\InterFace">
      <UniqueIdentifier>{e9e8df83-f484-4616-aaea-a074f88cfcd2}</UniqueIdentifier>
    </Filter>
    <Filter Include="ヘッダー ファイル\Inheritance">
      <UniqueIdentifier>{0081f8b9-86af-4e1e-8602-fe4f91e47470}</UniqueIdentifier>
    </Filter>
    <Filter Include="ソース ファイル\Inheritance">
      <UniqueIdentifier>{eb557f49-81e3-488c-a34d-f816413a4227}</UniqueIdentifier>
    </Filter>
    <Filter Include="ソース ファイル\LightMap">
      <UniqueIdentifier>{14c2b951-9aaf-452a-b4bf-fc283817ce58}</UniqueIdentifier>
    </Filter>
    <Filter Include="ヘッダー ファイル\LightMap">
      <UniqueIdentifier>{43a4e6a5-6a90-4dc5-91c2-42d44c0e3257}</UniqueIdentifier>
    </Filter>
    <Filter Include="ヘッダー ファイル\AO">
      <UniqueIdentifier>{376609c3-98ef-47ef-896c-e7a2a3bc4da4}</UniqueIdentifier>
    </Filter>
    <Filter Include="ソース ファイル\AO">
      <UniqueIdentifier>{12056526-0af7-4ccd-94a5-040631316665}</UniqueIdentifier>
    </Filter>
    <Filter Include="imgui">
      <UniqueIdentifier>{5e27486e-6540-45d3-a5b8-b9342ae1d602}</UniqueIdentifier>
    </Filter>
    <Filter Include="ソース ファイル\imgui">
      <UniqueIdentifier>{a9e421a5-d000-4244-8a01-b04d8ec5093a}</UniqueIdentifier>
    </Filter>
    <Filter Include="ヘッダー ファイル\imgui">
      <UniqueIdentifier>{a0fc4e00-c1f1-4c05-851e-6d191371042f}</UniqueIdentifier>
    </Filter>
  </ItemGroup>
  <ItemGroup>
    <ClCompile Include="main.cpp">
      <Filter>ソース ファイル</Filter>
    </ClCompile>
    <ClCompile Include="AppD3DX12.cpp">
      <Filter>ソース ファイル</Filter>
    </ClCompile>
    <ClCompile Include="stdafx.cpp">
      <Filter>ソース ファイル</Filter>
    </ClCompile>
    <ClCompile Include="CreateD3DX12ResourceBuffer.cpp">
      <Filter>ソース ファイル</Filter>
    </ClCompile>
    <ClCompile Include="Utility.cpp">
      <Filter>ソース ファイル</Filter>
    </ClCompile>
    <ClCompile Include="PMDMaterialInfo.cpp">
      <Filter>ソース ファイル</Filter>
    </ClCompile>
    <ClCompile Include="PrepareRenderingWindow.cpp">
      <Filter>ソース ファイル</Filter>
    </ClCompile>
    <ClCompile Include="SetRootSignature.cpp">
      <Filter>ソース ファイル</Filter>
    </ClCompile>
    <ClCompile Include="VMDMotionInfo.cpp">
      <Filter>ソース ファイル</Filter>
    </ClCompile>
    <ClCompile Include="PMDActor.cpp">
      <Filter>ソース ファイル</Filter>
    </ClCompile>
    <ClCompile Include="GraphicsPipelineSetting.cpp">
      <Filter>ソース ファイル</Filter>
    </ClCompile>
    <ClCompile Include="BufferHeapCreator.cpp">
      <Filter>ソース ファイル</Filter>
    </ClCompile>
    <ClCompile Include="TextureLoader.cpp">
      <Filter>ソース ファイル</Filter>
    </ClCompile>
    <ClCompile Include="TextureTransporter.cpp">
      <Filter>ソース ファイル</Filter>
    </ClCompile>
    <ClCompile Include="MappingExecuter.cpp">
      <Filter>ソース ファイル</Filter>
    </ClCompile>
    <ClCompile Include="ViewCreator.cpp">
      <Filter>ソース ファイル</Filter>
    </ClCompile>
    <ClCompile Include="SettingShaderCompile.cpp">
      <Filter>ソース ファイル</Filter>
    </ClCompile>
    <ClCompile Include="VertexInputLayout.cpp">
      <Filter>ソース ファイル</Filter>
    </ClCompile>
    <ClCompile Include="PeraPolygon.cpp">
      <Filter>ソース ファイル\Multipass</Filter>
    </ClCompile>
    <ClCompile Include="PeraLayout.cpp">
      <Filter>ソース ファイル\Multipass</Filter>
    </ClCompile>
    <ClCompile Include="PeraShaderCompile.cpp">
      <Filter>ソース ファイル\Multipass</Filter>
    </ClCompile>
    <ClCompile Include="PeraGraphicsPipelineSetting.cpp">
      <Filter>ソース ファイル\Multipass</Filter>
    </ClCompile>
    <ClCompile Include="IGraphicsPipelineSetting.cpp">
      <Filter>ソース ファイル\InterFace</Filter>
    </ClCompile>
    <ClCompile Include="SetRootSignatureBase.cpp">
      <Filter>ソース ファイル\Inheritance</Filter>
    </ClCompile>
    <ClCompile Include="PeraSetRootSignature.cpp">
      <Filter>ソース ファイル\Multipass</Filter>
    </ClCompile>
    <ClCompile Include="InputLayoutBase.cpp">
      <Filter>ソース ファイル\Inheritance</Filter>
    </ClCompile>
    <ClCompile Include="BufferShaderCompile.cpp">
      <Filter>ソース ファイル\Multipass</Filter>
    </ClCompile>
    <ClCompile Include="LightMapShaderCompile.cpp">
      <Filter>ソース ファイル\LightMap</Filter>
    </ClCompile>
    <ClCompile Include="LightMapGraphicsPipelineSetting.cpp">
      <Filter>ソース ファイル\LightMap</Filter>
    </ClCompile>
    <ClCompile Include="BloomShaderCompile.cpp">
      <Filter>ソース ファイル\Multipass</Filter>
    </ClCompile>
    <ClCompile Include="AOShaderCompile.cpp">
      <Filter>ソース ファイル\AO</Filter>
    </ClCompile>
    <ClCompile Include="AOGraphicsPipelineSetting.cpp">
      <Filter>ソース ファイル\AO</Filter>
    </ClCompile>
    <ClCompile Include="..\imgui\imgui.cpp">
      <Filter>imgui</Filter>
    </ClCompile>
    <ClCompile Include="..\imgui\imgui_demo.cpp">
      <Filter>imgui</Filter>
    </ClCompile>
    <ClCompile Include="..\imgui\imgui_draw.cpp">
      <Filter>imgui</Filter>
    </ClCompile>
    <ClCompile Include="..\imgui\imgui_impl_dx12.cpp">
      <Filter>imgui</Filter>
    </ClCompile>
    <ClCompile Include="..\imgui\imgui_impl_win32.cpp">
      <Filter>imgui</Filter>
    </ClCompile>
    <ClCompile Include="..\imgui\imgui_tables.cpp">
      <Filter>imgui</Filter>
    </ClCompile>
    <ClCompile Include="..\imgui\imgui_widgets.cpp">
      <Filter>imgui</Filter>
    </ClCompile>
    <ClCompile Include="SettingImgui.cpp">
      <Filter>ソース ファイル\imgui</Filter>
    </ClCompile>
  </ItemGroup>
  <ItemGroup>
    <FxCompile Include="PeraPixel.hlsl">
      <Filter>シェーダー</Filter>
    </FxCompile>
    <FxCompile Include="PeraVertex.hlsl">
      <Filter>シェーダー</Filter>
    </FxCompile>
    <FxCompile Include="BasicVertexShader.hlsl">
      <Filter>シェーダー</Filter>
    </FxCompile>
    <FxCompile Include="BasicPixelShader.hlsl">
      <Filter>シェーダー</Filter>
    </FxCompile>
    <FxCompile Include="BufferPixel.hlsl">
      <Filter>シェーダー</Filter>
    </FxCompile>
    <FxCompile Include="BufferVertex.hlsl">
      <Filter>シェーダー</Filter>
    </FxCompile>
    <FxCompile Include="BloomPixelShader.hlsl">
      <Filter>シェーダー</Filter>
    </FxCompile>
    <FxCompile Include="AOPixelShader.hlsl">
      <Filter>シェーダー</Filter>
    </FxCompile>
    <FxCompile Include="AOVertexShader.hlsl">
      <Filter>シェーダー</Filter>
    </FxCompile>
  </ItemGroup>
  <ItemGroup>
    <None Include="PeraHeader.hlsli">
      <Filter>シェーダー</Filter>
    </None>
    <None Include="BasicShaderHeader.hlsli">
      <Filter>シェーダー</Filter>
    </None>
    <None Include="BufferHeader.hlsli">
      <Filter>シェーダー</Filter>
    </None>
    <None Include="packages.config" />
    <None Include="AOShaderHeader.hlsli">
      <Filter>シェーダー</Filter>
    </None>
  </ItemGroup>
  <ItemGroup>
    <ClInclude Include="AppD3DX12.h">
      <Filter>ヘッダー ファイル</Filter>
    </ClInclude>
    <ClInclude Include="stdafx.h">
      <Filter>ヘッダー ファイル</Filter>
    </ClInclude>
    <ClInclude Include="CreateD3DX12ResourceBuffer.h">
      <Filter>ヘッダー ファイル</Filter>
    </ClInclude>
    <ClInclude Include="Utility.h">
      <Filter>ヘッダー ファイル</Filter>
    </ClInclude>
    <ClInclude Include="PMDMaterialInfo.h">
      <Filter>ヘッダー ファイル</Filter>
    </ClInclude>
    <ClInclude Include="PrepareRenderingWindow.h">
      <Filter>ヘッダー ファイル</Filter>
    </ClInclude>
    <ClInclude Include="SetRootSignature.h">
      <Filter>ヘッダー ファイル</Filter>
    </ClInclude>
    <ClInclude Include="VMDMotionInfo.h">
      <Filter>ヘッダー ファイル</Filter>
    </ClInclude>
    <ClInclude Include="PMDActor.h">
      <Filter>ヘッダー ファイル</Filter>
    </ClInclude>
    <ClInclude Include="engine.h">
      <Filter>ヘッダー ファイル</Filter>
    </ClInclude>
    <ClInclude Include="GraphicsPipelineSetting.h">
      <Filter>ヘッダー ファイル</Filter>
    </ClInclude>
    <ClInclude Include="BufferHeapCreator.h">
      <Filter>ヘッダー ファイル</Filter>
    </ClInclude>
    <ClInclude Include="TextureLoader.h">
      <Filter>ヘッダー ファイル</Filter>
    </ClInclude>
    <ClInclude Include="TextureTransporter.h">
      <Filter>ヘッダー ファイル</Filter>
    </ClInclude>
    <ClInclude Include="MappingExecuter.h">
      <Filter>ヘッダー ファイル</Filter>
    </ClInclude>
    <ClInclude Include="ViewCreator.h">
      <Filter>ヘッダー ファイル</Filter>
    </ClInclude>
    <ClInclude Include="SettingShaderCompile.h">
      <Filter>ヘッダー ファイル</Filter>
    </ClInclude>
    <ClInclude Include="VertexInputLayout.h">
      <Filter>ヘッダー ファイル</Filter>
    </ClInclude>
    <ClInclude Include="PeraPolygon.h">
      <Filter>ヘッダー ファイル\Multipass</Filter>
    </ClInclude>
    <ClInclude Include="PeraLayout.h">
      <Filter>ヘッダー ファイル\Multipass</Filter>
    </ClInclude>
    <ClInclude Include="PeraShaderCompile.h">
      <Filter>ヘッダー ファイル\Multipass</Filter>
    </ClInclude>
    <ClInclude Include="PeraGraphicsPipelineSetting.h">
      <Filter>ヘッダー ファイル\Multipass</Filter>
    </ClInclude>
    <ClInclude Include="IGraphicsPipelineSetting.h">
      <Filter>ヘッダー ファイル\InterFace</Filter>
    </ClInclude>
    <ClInclude Include="SetRootSignatureBase.h">
      <Filter>ヘッダー ファイル\Inheritance</Filter>
    </ClInclude>
    <ClInclude Include="PeraSetRootSignature.h">
      <Filter>ヘッダー ファイル\Multipass</Filter>
    </ClInclude>
    <ClInclude Include="InputLayoutBase.h">
      <Filter>ヘッダー ファイル\Inheritance</Filter>
    </ClInclude>
    <ClInclude Include="BufferShaderCompile.h">
      <Filter>ヘッダー ファイル\Multipass</Filter>
    </ClInclude>
    <ClInclude Include="LightMapShaderCompile.h">
      <Filter>ヘッダー ファイル\LightMap</Filter>
    </ClInclude>
    <ClInclude Include="LightMapGraphicsPipelineSetting.h">
      <Filter>ヘッダー ファイル\LightMap</Filter>
    </ClInclude>
    <ClInclude Include="ReadData.h">
      <Filter>ヘッダー ファイル</Filter>
    </ClInclude>
    <ClInclude Include="BloomShaderCompile.h">
      <Filter>ヘッダー ファイル\Multipass</Filter>
    </ClInclude>
    <ClInclude Include="AOShaderCompile.h">
      <Filter>ヘッダー ファイル\AO</Filter>
    </ClInclude>
    <ClInclude Include="AOGraphicsPipelineSetting.h">
      <Filter>ヘッダー ファイル\AO</Filter>
    </ClInclude>
    <ClInclude Include="..\imgui\imconfig.h">
      <Filter>imgui</Filter>
    </ClInclude>
    <ClInclude Include="..\imgui\imgui.h">
      <Filter>imgui</Filter>
    </ClInclude>
    <ClInclude Include="..\imgui\imgui_impl_dx12.h">
      <Filter>imgui</Filter>
    </ClInclude>
    <ClInclude Include="..\imgui\imgui_impl_win32.h">
      <Filter>imgui</Filter>
    </ClInclude>
    <ClInclude Include="..\imgui\imgui_internal.h">
      <Filter>imgui</Filter>
    </ClInclude>
    <ClInclude Include="..\imgui\imstb_rectpack.h">
      <Filter>imgui</Filter>
    </ClInclude>
    <ClInclude Include="..\imgui\imstb_textedit.h">
      <Filter>imgui</Filter>
    </ClInclude>
    <ClInclude Include="..\imgui\imstb_truetype.h">
      <Filter>imgui</Filter>
    </ClInclude>
    <ClInclude Include="SettingImgui.h">
      <Filter>ヘッダー ファイル\imgui</Filter>
    </ClInclude>
  </ItemGroup>
</Project>